
Microsoft Visual Studio Solution File, Format Version 12.00
# Visual Studio Version 16
VisualStudioVersion = 16.0.30907.101
MinimumVisualStudioVersion = 10.0.40219.1
Project("{9A19103F-16F7-4668-BE54-9A1E7A4F7556}") = "Arrays", "Arrays\Arrays.csproj", "{0C80C781-5087-4660-862F-5D3FA9A5019C}"
EndProject
Project("{FAE04EC0-301F-11D3-BF4B-00C04F79EFBC}") = "List", "List\List.csproj", "{FCEFAAD7-58B6-4E4B-9A5E-621481619BDA}"
EndProject
Project("{FAE04EC0-301F-11D3-BF4B-00C04F79EFBC}") = "Dictionary", "Dictionary\Dictionary.csproj", "{E66EE01E-A0FE-4E03-B692-3E545B1B6B6C}"
EndProject
Global
	GlobalSection(SolutionConfigurationPlatforms) = preSolution
		Debug|Any CPU = Debug|Any CPU
		Release|Any CPU = Release|Any CPU
	EndGlobalSection
	GlobalSection(ProjectConfigurationPlatforms) = postSolution
		{0C80C781-5087-4660-862F-5D3FA9A5019C}.Debug|Any CPU.ActiveCfg = Debug|Any CPU
		{0C80C781-5087-4660-862F-5D3FA9A5019C}.Debug|Any CPU.Build.0 = Debug|Any CPU
		{0C80C781-5087-4660-862F-5D3FA9A5019C}.Release|Any CPU.ActiveCfg = Release|Any CPU
		{0C80C781-5087-4660-862F-5D3FA9A5019C}.Release|Any CPU.Build.0 = Release|Any CPU
		{FCEFAAD7-58B6-4E4B-9A5E-621481619BDA}.Debug|Any CPU.ActiveCfg = Debug|Any CPU
		{FCEFAAD7-58B6-4E4B-9A5E-621481619BDA}.Debug|Any CPU.Build.0 = Debug|Any CPU
		{FCEFAAD7-58B6-4E4B-9A5E-621481619BDA}.Release|Any CPU.ActiveCfg = Release|Any CPU
		{FCEFAAD7-58B6-4E4B-9A5E-621481619BDA}.Release|Any CPU.Build.0 = Release|Any CPU
		{E66EE01E-A0FE-4E03-B692-3E545B1B6B6C}.Debug|Any CPU.ActiveCfg = Debug|Any CPU
		{E66EE01E-A0FE-4E03-B692-3E545B1B6B6C}.Debug|Any CPU.Build.0 = Debug|Any CPU
		{E66EE01E-A0FE-4E03-B692-3E545B1B6B6C}.Release|Any CPU.ActiveCfg = Release|Any CPU
		{E66EE01E-A0FE-4E03-B692-3E545B1B6B6C}.Release|Any CPU.Build.0 = Release|Any CPU
	EndGlobalSection
	GlobalSection(SolutionProperties) = preSolution
		HideSolutionNode = FALSE
	EndGlobalSection
	GlobalSection(ExtensibilityGlobals) = postSolution
		SolutionGuid = {6104B498-3D1B-401A-8384-E8C7A644352D}
	EndGlobalSection
EndGlobal
